{
    "name": "regenerate-nextjs-apps",
    "lockfileVersion": 3,
    "requires": true,
    "packages": {
        "": {
            "name": "regenerate-nextjs-apps",
            "dependencies": {
                "create-next-app": "16.1.0"
            }
        },
        "node_modules/create-next-app": {
            "version": "16.1.0",
            "resolved": "https://registry.npmjs.org/create-next-app/-/create-next-app-16.1.0.tgz",
            "integrity": "sha512-MBrJ6wPewnTgZu/u+e+tjI9CFQnh4QcUeU1GRvY2WpMYmxnXn8erECOEnEZ9pQpjO73Wv2UzjxGWe/+sz2eBoQ==",
            "license": "MIT",
            "bin": {
                "create-next-app": "dist/index.js"
            },
            "engines": {
                "node": ">=20.9.0"
            }
        }
    }
}
