{
    "name": "regenerate-nextjs-apps",
    "lockfileVersion": 3,
    "requires": true,
    "packages": {
        "": {
            "name": "regenerate-nextjs-apps",
            "dependencies": {
                "create-next-app": "16.2.5"
            }
        },
        "node_modules/create-next-app": {
            "version": "16.2.5",
            "resolved": "https://registry.npmjs.org/create-next-app/-/create-next-app-16.2.5.tgz",
            "integrity": "sha512-sywYgoxY7m6O/HGb/4akAwz2xG4ByWdjF9pYmH3GS7MMzgIOc9A2H8EWM2ek4wJK7pK2fSb6aqJJAj5b7EYZWw==",
            "license": "MIT",
            "bin": {
                "create-next-app": "dist/index.js"
            },
            "engines": {
                "node": ">=20.9.0"
            }
        }
    }
}
