{
    "name": "regenerate-nextjs-apps",
    "lockfileVersion": 3,
    "requires": true,
    "packages": {
        "": {
            "name": "regenerate-nextjs-apps",
            "dependencies": {
                "create-next-app": "16.3.3"
            }
        },
        "node_modules/create-next-app": {
            "version": "16.3.3",
            "resolved": "https://registry.npmjs.org/create-next-app/-/create-next-app-16.3.3.tgz",
            "integrity": "sha512-xpcb/SW/NsOgGoLGiA5Zh5n0Psol4AAtM3TTgyMAX5a3/5jdKKwlLcp8HKVWVv4wo6/Mk0mtfp7tNy3jbv2cmw==",
            "license": "MIT",
            "bin": {
                "create-next-app": "dist/index.js"
            },
            "engines": {
                "node": ">=20.9.0"
            }
        }
    }
}
